// !$*UTF8*$!
{
	archiveVersion = 1;
	classes = {
	};
	objectVersion = 48;
	objects = {

/* Begin PBXBuildFile section */
		BEFBE1CA1FB109BE0065DE33 /* AppDelegate.swift in Sources */ = {isa = PBXBuildFile; fileRef = BEFBE1C91FB109BE0065DE33 /* AppDelegate.swift */; };
		BEFBE1CC1FB109BE0065DE33 /* ViewController.swift in Sources */ = {isa = PBXBuildFile; fileRef = BEFBE1CB1FB109BE0065DE33 /* ViewController.swift */; };
		BEFBE1CF1FB109BE0065DE33 /* Main.storyboard in Resources */ = {isa = PBXBuildFile; fileRef = BEFBE1CD1FB109BE0065DE33 /* Main.storyboard */; };
		BEFBE1D11FB109BE0065DE33 /* Assets.xcassets in Resources */ = {isa = PBXBuildFile; fileRef = BEFBE1D01FB109BE0065DE33 /* Assets.xcassets */; };
		BEFBE1D41FB109BE0065DE33 /* LaunchScreen.storyboard in Resources */ = {isa = PBXBuildFile; fileRef = BEFBE1D21FB109BE0065DE33 /* LaunchScreen.storyboard */; };
/* End PBXBuildFile section */

/* Begin PBXFileReference section */
		BEFBE1C61FB109BD0065DE33 /* DirectPhotos.app */ = {isa = PBXFileReference; explicitFileType = wrapper.application; includeInIndex = 0; path = DirectPhotos.app; sourceTree = BUILT_PRODUCTS_DIR; };
		BEFBE1C91FB109BE0065DE33 /* AppDelegate.swift */ = {isa = PBXFileReference; lastKnownFileType = sourcecode.swift; path = AppDelegate.swift; sourceTree = "<group>"; };
		BEFBE1CB1FB109BE0065DE33 /* ViewController.swift */ = {isa = PBXFileReference; lastKnownFileType = sourcecode.swift; path = ViewController.swift; sourceTree = "<group>"; };
		BEFBE1CE1FB109BE0065DE33 /* Base */ = {isa = PBXFileReference; lastKnownFileType = file.storyboard; name = Base; path = Base.lproj/Main.storyboard; sourceTree = "<group>"; };
		BEFBE1D01FB109BE0065DE33 /* Assets.xcassets */ = {isa = PBXFileReference; lastKnownFileType = folder.assetcatalog; path = Assets.xcassets; sourceTree = "<group>"; };
		BEFBE1D31FB109BE0065DE33 /* Base */ = {isa = PBXFileReference; lastKnownFileType = file.storyboard; name = Base; path = Base.lproj/LaunchScreen.storyboard; sourceTree = "<group>"; };
		BEFBE1D51FB109BE0065DE33 /* Info.plist */ = {isa = PBXFileReference; lastKnownFileType = text.plist.xml; path = Info.plist; sourceTree = "<group>"; };
/* End PBXFileReference section */

/* Begin PBXFrameworksBuildPhase section */
		BEFBE1C31FB109BD0065DE33 /* Frameworks */ = {
			isa = PBXFrameworksBuildPhase;
			buildActionMask = 2147483647;
			files = (
			);
			runOnlyForDeploymentPostprocessing = 0;
		};
/* End PBXFrameworksBuildPhase section */

/* Begin PBXGroup section */
		BEFBE1BD1FB109BD0065DE33 = {
			isa = PBXGroup;
			children = (
				BEFBE1C81FB109BE0065DE33 /* DirectPhotos */,
				BEFBE1C71FB109BD0065DE33 /* Products */,
			);
			sourceTree = "<group>";
		};
		BEFBE1C71FB109BD0065DE33 /* Products */ = {
			isa = PBXGroup;
			children = (
				BEFBE1C61FB109BD0065DE33 /* DirectPhotos.app */,
			);
			name = Products;
			sourceTree = "<group>";
		};
		BEFBE1C81FB109BE0065DE33 /* DirectPhotos */ = {
			isa = PBXGroup;
			children = (
				BEFBE1C91FB109BE0065DE33 /* AppDelegate.swift */,
				BEFBE1CB1FB109BE0065DE33 /* ViewController.swift */,
				BEFBE1CD1FB109BE0065DE33 /* Main.storyboard */,
				BEFBE1D01FB109BE0065DE33 /* Assets.xcassets */,
				BEFBE1D21FB109BE0065DE33 /* LaunchScreen.storyboard */,
				BEFBE1D51FB109BE0065DE33 /* Info.plist */,
			);
			path = DirectPhotos;
			sourceTree = "<group>";
		};
/* End PBXGroup section */

/* Begin PBXNativeTarget section */
		BEFBE1C51FB109BD0065DE33 /* DirectPhotos */ = {
			isa = PBXNativeTarget;
			buildConfigurationList = BEFBE1D81FB109BE0065DE33 /* Build configuration list for PBXNativeTarget "DirectPhotos" */;
			buildPhases = (
				BEFBE1C21FB109BD0065DE33 /* Sources */,
				BEFBE1C31FB109BD0065DE33 /* Frameworks */,
				BEFBE1C41FB109BD0065DE33 /* Resources */,
			);
			buildRules = (
			);
			dependencies = (
			);
			name = DirectPhotos;
			productName = DirectPhotos;
			productReference = BEFBE1C61FB109BD0065DE33 /* DirectPhotos.app */;
			productType = "com.apple.product-type.application";
		};
/* End PBXNativeTarget section */

/* Begin PBXProject section */
		BEFBE1BE1FB109BD0065DE33 /* Project object */ = {
			isa = PBXProject;
			attributes = {
				LastSwiftUpdateCheck = 0900;
				LastUpgradeCheck = 0900;
				ORGANIZATIONNAME = aortiz6;
				TargetAttributes = {
					BEFBE1C51FB109BD0065DE33 = {
						CreatedOnToolsVersion = 9.0.1;
						ProvisioningStyle = Automatic;
					};
				};
			};
			buildConfigurationList = BEFBE1C11FB109BD0065DE33 /* Build configuration list for PBXProject "DirectPhotos" */;
			compatibilityVersion = "Xcode 8.0";
			developmentRegion = en;
			hasScannedForEncodings = 0;
			knownRegions = (
				en,
				Base,
			);
			mainGroup = BEFBE1BD1FB109BD0065DE33;
			productRefGroup = BEFBE1C71FB109BD0065DE33 /* Products */;
			projectDirPath = "";
			projectRoot = "";
			targets = (
				BEFBE1C51FB109BD0065DE33 /* DirectPhotos */,
			);
		};
/* End PBXProject section */

/* Begin PBXResourcesBuildPhase section */
		BEFBE1C41FB109BD0065DE33 /* Resources */ = {
			isa = PBXResourcesBuildPhase;
			buildActionMask = 2147483647;
			files = (
				BEFBE1D41FB109BE0065DE33 /* LaunchScreen.storyboard in Resources */,
				BEFBE1D11FB109BE0065DE33 /* Assets.xcassets in Resources */,
				BEFBE1CF1FB109BE0065DE33 /* Main.storyboard in Resources */,
			);
			runOnlyForDeploymentPostprocessing = 0;
		};
/* End PBXResourcesBuildPhase section */

/* Begin PBXSourcesBuildPhase section */
		BEFBE1C21FB109BD0065DE33 /* Sources */ = {
			isa = PBXSourcesBuildPhase;
			buildActionMask = 2147483647;
			files = (
				BEFBE1CC1FB109BE0065DE33 /* ViewController.swift in Sources */,
				BEFBE1CA1FB109BE0065DE33 /* AppDelegate.swift in Sources */,
			);
			runOnlyForDeploymentPostprocessing = 0;
		};
/* End PBXSourcesBuildPhase section */

/* Begin PBXVariantGroup section */
		BEFBE1CD1FB109BE0065DE33 /* Main.storyboard */ = {
			isa = PBXVariantGroup;
			children = (
				BEFBE1CE1FB109BE0065DE33 /* Base */,
			);
			name = Main.storyboard;
			sourceTree = "<group>";
		};
		BEFBE1D21FB109BE0065DE33 /* LaunchScreen.storyboard */ = {
			isa = PBXVariantGroup;
			children = (
				BEFBE1D31FB109BE0065DE33 /* Base */,
			);
			name = LaunchScreen.storyboard;
			sourceTree = "<group>";
		};
/* End PBXVariantGroup section */

/* Begin XCBuildConfiguration section */
		BEFBE1D61FB109BE0065DE33 /* Debug */ = {
			isa = XCBuildConfiguration;
			buildSettings = {
				ALWAYS_SEARCH_USER_PATHS = NO;
				CLANG_ANALYZER_NONNULL = YES;
				CLANG_ANALYZER_NUMBER_OBJECT_CONVERSION = YES_AGGRESSIVE;
				CLANG_CXX_LANGUAGE_STANDARD = "gnu++14";
				CLANG_CXX_LIBRARY = "libc++";
				CLANG_ENABLE_MODULES = YES;
				CLANG_ENABLE_OBJC_ARC = YES;
				CLANG_WARN_BLOCK_CAPTURE_AUTORELEASING = YES;
				CLANG_WARN_BOOL_CONVERSION = YES;
				CLANG_WARN_COMMA = YES;
				CLANG_WARN_CONSTANT_CONVERSION = YES;
				CLANG_WARN_DIRECT_OBJC_ISA_USAGE = YES_ERROR;
				CLANG_WARN_DOCUMENTATION_COMMENTS = YES;
				CLANG_WARN_EMPTY_BODY = YES;
				CLANG_WARN_ENUM_CONVERSION = YES;
				CLANG_WARN_INFINITE_RECURSION = YES;
				CLANG_WARN_INT_CONVERSION = YES;
				CLANG_WARN_NON_LITERAL_NULL_CONVERSION = YES;
				CLANG_WARN_OBJC_LITERAL_CONVERSION = YES;
				CLANG_WARN_OBJC_ROOT_CLASS = YES_ERROR;
				CLANG_WARN_RANGE_LOOP_ANALYSIS = YES;
				CLANG_WARN_STRICT_PROTOTYPES = YES;
				CLANG_WARN_SUSPICIOUS_MOVE = YES;
				CLANG_WARN_UNGUARDED_AVAILABILITY = YES_AGGRESSIVE;
				CLANG_WARN_UNREACHABLE_CODE = YES;
				CLANG_WARN__DUPLICATE_METHOD_MATCH = YES;
				CODE_SIGN_IDENTITY = "iPhone Developer";
				COPY_PHASE_STRIP = NO;
				DEBUG_INFORMATION_FORMAT = dwarf;
				ENABLE_STRICT_OBJC_MSGSEND = YES;
				ENABLE_TESTABILITY = YES;
				GCC_C_LANGUAGE_STANDARD = gnu11;
				GCC_DYNAMIC_NO_PIC = NO;
				GCC_NO_COMMON_BLOCKS = YES;
				GCC_OPTIMIZATION_LEVEL = 0;
				GCC_PREPROCESSOR_DEFINITIONS = (
					"DEBUG=1",
					"$(inherited)",
				);
				GCC_WARN_64_TO_32_BIT_CONVERSION = YES;
				GCC_WARN_ABOUT_RETURN_TYPE = YES_ERROR;
				GCC_WARN_UNDECLARED_SELECTOR = YES;
				GCC_WARN_UNINITIALIZED_AUTOS = YES_AGGRESSIVE;
				GCC_WARN_UNUSED_FUNCTION = YES;
				GCC_WARN_UNUSED_VARIABLE = YES;
				IPHONEOS_DEPLOYMENT_TARGET = 11.0;
				MTL_ENABLE_DEBUG_INFO = YES;
				ONLY_ACTIVE_ARCH = YES;
				SDKROOT = iphoneos;
				SWIFT_ACTIVE_COMPILATION_CONDITIONS = DEBUG;
				SWIFT_OPTIMIZATION_LEVEL = "-Onone";
			};
			name = Debug;
		};
		BEFBE1D71FB109BE0065DE33 /* Release */ = {
			isa = XCBuildConfiguration;
			buildSettings = {
				ALWAYS_SEARCH_USER_PATHS = NO;
				CLANG_ANALYZER_NONNULL = YES;
				CLANG_ANALYZER_NUMBER_OBJECT_CONVERSION = YES_AGGRESSIVE;
				CLANG_CXX_LANGUAGE_STANDARD = "gnu++14";
				CLANG_CXX_LIBRARY = "libc++";
				CLANG_ENABLE_MODULES = YES;
				CLANG_ENABLE_OBJC_ARC = YES;
				CLANG_WARN_BLOCK_CAPTURE_AUTORELEASING = YES;
				CLANG_WARN_BOOL_CONVERSION = YES;
				CLANG_WARN_COMMA = YES;
				CLANG_WARN_CONSTANT_CONVERSION = YES;
				CLANG_WARN_DIRECT_OBJC_ISA_USAGE = YES_ERROR;
				CLANG_WARN_DOCUMENTATION_COMMENTS = YES;
				CLANG_WARN_EMPTY_BODY = YES;
				CLANG_WARN_ENUM_CONVERSION = YES;
				CLANG_WARN_INFINITE_RECURSION = YES;
				CLANG_WARN_INT_CONVERSION = YES;
				CLANG_WARN_NON_LITERAL_NULL_CONVERSION = YES;
				CLANG_WARN_OBJC_LITERAL_CONVERSION = YES;
				CLANG_WARN_OBJC_ROOT_CLASS = YES_ERROR;
				CLANG_WARN_RANGE_LOOP_ANALYSIS = YES;
				CLANG_WARN_STRICT_PROTOTYPES = YES;
				CLANG_WARN_SUSPICIOUS_MOVE = YES;
				CLANG_WARN_UNGUARDED_AVAILABILITY = YES_AGGRESSIVE;
				CLANG_WARN_UNREACHABLE_CODE = YES;
				CLANG_WARN__DUPLICATE_METHOD_MATCH = YES;
				CODE_SIGN_IDENTITY = "iPhone Developer";
				COPY_PHASE_STRIP = NO;
				DEBUG_INFORMATION_FORMAT = "dwarf-with-dsym";
				ENABLE_NS_ASSERTIONS = NO;
				ENABLE_STRICT_OBJC_MSGSEND = YES;
				GCC_C_LANGUAGE_STANDARD = gnu11;
				GCC_NO_COMMON_BLOCKS = YES;
				GCC_WARN_64_TO_32_BIT_CONVERSION = YES;
				GCC_WARN_ABOUT_RETURN_TYPE = YES_ERROR;
				GCC_WARN_UNDECLARED_SELECTOR = YES;
				GCC_WARN_UNINITIALIZED_AUTOS = YES_AGGRESSIVE;
				GCC_WARN_UNUSED_FUNCTION = YES;
				GCC_WARN_UNUSED_VARIABLE = YES;
				IPHONEOS_DEPLOYMENT_TARGET = 11.0;
				MTL_ENABLE_DEBUG_INFO = NO;
				SDKROOT = iphoneos;
				SWIFT_OPTIMIZATION_LEVEL = "-Owholemodule";
				VALIDATE_PRODUCT = YES;
			};
			name = Release;
		};
		BEFBE1D91FB109BE0065DE33 /* Debug */ = {
			isa = XCBuildConfiguration;
			buildSettings = {
				ASSETCATALOG_COMPILER_APPICON_NAME = AppIcon;
				CODE_SIGN_STYLE = Automatic;
				DEVELOPMENT_TEAM = 7Y6V2M2BKG;
				INFOPLIST_FILE = DirectPhotos/Info.plist;
				LD_RUNPATH_SEARCH_PATHS = "$(inherited) @executable_path/Frameworks";
				PRODUCT_BUNDLE_IDENTIFIER = com.aortiz6.DirectPhotos;
				PRODUCT_NAME = "$(TARGET_NAME)";
				SWIFT_VERSION = 4.0;
				TARGETED_DEVICE_FAMILY = "1,2";
			};
			name = Debug;
		};
		BEFBE1DA1FB109BE0065DE33 /* Release */ = {
			isa = XCBuildConfiguration;
			buildSettings = {
				ASSETCATALOG_COMPILER_APPICON_NAME = AppIcon;
				CODE_SIGN_STYLE = Automatic;
				DEVELOPMENT_TEAM = 7Y6V2M2BKG;
				INFOPLIST_FILE = DirectPhotos/Info.plist;
				LD_RUNPATH_SEARCH_PATHS = "$(inherited) @executable_path/Frameworks";
				PRODUCT_BUNDLE_IDENTIFIER = com.aortiz6.DirectPhotos;
				PRODUCT_NAME = "$(TARGET_NAME)";
				SWIFT_VERSION = 4.0;
				TARGETED_DEVICE_FAMILY = "1,2";
			};
			name = Release;
		};
/* End XCBuildConfiguration section */

/* Begin XCConfigurationList section */
		BEFBE1C11FB109BD0065DE33 /* Build configuration list for PBXProject "DirectPhotos" */ = {
			isa = XCConfigurationList;
			buildConfigurations = (
				BEFBE1D61FB109BE0065DE33 /* Debug */,
				BEFBE1D71FB109BE0065DE33 /* Release */,
			);
			defaultConfigurationIsVisible = 0;
			defaultConfigurationName = Release;
		};
		BEFBE1D81FB109BE0065DE33 /* Build configuration list for PBXNativeTarget "DirectPhotos" */ = {
			isa = XCConfigurationList;
			buildConfigurations = (
				BEFBE1D91FB109BE0065DE33 /* Debug */,
				BEFBE1DA1FB109BE0065DE33 /* Release */,
			);
			defaultConfigurationIsVisible = 0;
			defaultConfigurationName = Release;
		};
/* End XCConfigurationList section */
	};
	rootObject = BEFBE1BE1FB109BD0065DE33 /* Project object */;
}
